// !$*UTF8*$!
{
	archiveVersion = 1;
	classes = {
	};
	objectVersion = 46;
	objects = {

/* Begin PBXBuildFile section */
		21E70B301E2CE2AC00162001 /* AppDelegate.swift in Sources */ = {isa = PBXBuildFile; fileRef = 21E70B2F1E2CE2AC00162001 /* AppDelegate.swift */; };
		21E70B321E2CE2AC00162001 /* ViewController.swift in Sources */ = {isa = PBXBuildFile; fileRef = 21E70B311E2CE2AC00162001 /* ViewController.swift */; };
		21E70B351E2CE2AC00162001 /* Main.storyboard in Resources */ = {isa = PBXBuildFile; fileRef = 21E70B331E2CE2AC00162001 /* Main.storyboard */; };
		21E70B371E2CE2AC00162001 /* Assets.xcassets in Resources */ = {isa = PBXBuildFile; fileRef = 21E70B361E2CE2AC00162001 /* Assets.xcassets */; };
		21E70B3A1E2CE2AC00162001 /* LaunchScreen.storyboard in Resources */ = {isa = PBXBuildFile; fileRef = 21E70B381E2CE2AC00162001 /* LaunchScreen.storyboard */; };
		21E70B481E2CFD9F00162001 /* Chợt Như Giấc Mơ.mp3 in Resources */ = {isa = PBXBuildFile; fileRef = 21E70B431E2CFD9F00162001 /* Chợt Như Giấc Mơ.mp3 */; };
		21E70B491E2CFD9F00162001 /* Ngày Mai.mp3 in Resources */ = {isa = PBXBuildFile; fileRef = 21E70B441E2CFD9F00162001 /* Ngày Mai.mp3 */; };
		21E70B4A1E2CFD9F00162001 /* Sugar.mp3 in Resources */ = {isa = PBXBuildFile; fileRef = 21E70B451E2CFD9F00162001 /* Sugar.mp3 */; };
		21E70B4B1E2CFD9F00162001 /* Trở Về Đi.m4a in Resources */ = {isa = PBXBuildFile; fileRef = 21E70B461E2CFD9F00162001 /* Trở Về Đi.m4a */; };
		21E70B4C1E2CFD9F00162001 /* Tro Ve Di - Van Anh Idol [MP3 320kbps].mp3 in Resources */ = {isa = PBXBuildFile; fileRef = 21E70B471E2CFD9F00162001 /* Tro Ve Di - Van Anh Idol [MP3 320kbps].mp3 */; };
/* End PBXBuildFile section */

/* Begin PBXFileReference section */
		21E70B2C1E2CE2AC00162001 /* appNgheNhac.app */ = {isa = PBXFileReference; explicitFileType = wrapper.application; includeInIndex = 0; path = appNgheNhac.app; sourceTree = BUILT_PRODUCTS_DIR; };
		21E70B2F1E2CE2AC00162001 /* AppDelegate.swift */ = {isa = PBXFileReference; lastKnownFileType = sourcecode.swift; path = AppDelegate.swift; sourceTree = "<group>"; };
		21E70B311E2CE2AC00162001 /* ViewController.swift */ = {isa = PBXFileReference; lastKnownFileType = sourcecode.swift; path = ViewController.swift; sourceTree = "<group>"; };
		21E70B341E2CE2AC00162001 /* Base */ = {isa = PBXFileReference; lastKnownFileType = file.storyboard; name = Base; path = Base.lproj/Main.storyboard; sourceTree = "<group>"; };
		21E70B361E2CE2AC00162001 /* Assets.xcassets */ = {isa = PBXFileReference; lastKnownFileType = folder.assetcatalog; path = Assets.xcassets; sourceTree = "<group>"; };
		21E70B391E2CE2AC00162001 /* Base */ = {isa = PBXFileReference; lastKnownFileType = file.storyboard; name = Base; path = Base.lproj/LaunchScreen.storyboard; sourceTree = "<group>"; };
		21E70B3B1E2CE2AC00162001 /* Info.plist */ = {isa = PBXFileReference; lastKnownFileType = text.plist.xml; path = Info.plist; sourceTree = "<group>"; };
		21E70B431E2CFD9F00162001 /* Chợt Như Giấc Mơ.mp3 */ = {isa = PBXFileReference; lastKnownFileType = audio.mp3; path = "Chợt Như Giấc Mơ.mp3"; sourceTree = "<group>"; };
		21E70B441E2CFD9F00162001 /* Ngày Mai.mp3 */ = {isa = PBXFileReference; lastKnownFileType = audio.mp3; path = "Ngày Mai.mp3"; sourceTree = "<group>"; };
		21E70B451E2CFD9F00162001 /* Sugar.mp3 */ = {isa = PBXFileReference; lastKnownFileType = audio.mp3; path = Sugar.mp3; sourceTree = "<group>"; };
		21E70B461E2CFD9F00162001 /* Trở Về Đi.m4a */ = {isa = PBXFileReference; lastKnownFileType = file; path = "Trở Về Đi.m4a"; sourceTree = "<group>"; };
		21E70B471E2CFD9F00162001 /* Tro Ve Di - Van Anh Idol [MP3 320kbps].mp3 */ = {isa = PBXFileReference; lastKnownFileType = audio.mp3; path = "Tro Ve Di - Van Anh Idol [MP3 320kbps].mp3"; sourceTree = "<group>"; };
/* End PBXFileReference section */

/* Begin PBXFrameworksBuildPhase section */
		21E70B291E2CE2AC00162001 /* Frameworks */ = {
			isa = PBXFrameworksBuildPhase;
			buildActionMask = 2147483647;
			files = (
			);
			runOnlyForDeploymentPostprocessing = 0;
		};
/* End PBXFrameworksBuildPhase section */

/* Begin PBXGroup section */
		21E70B231E2CE2AC00162001 = {
			isa = PBXGroup;
			children = (
				21E70B2E1E2CE2AC00162001 /* appNgheNhac */,
				21E70B2D1E2CE2AC00162001 /* Products */,
			);
			sourceTree = "<group>";
		};
		21E70B2D1E2CE2AC00162001 /* Products */ = {
			isa = PBXGroup;
			children = (
				21E70B2C1E2CE2AC00162001 /* appNgheNhac.app */,
			);
			name = Products;
			sourceTree = "<group>";
		};
		21E70B2E1E2CE2AC00162001 /* appNgheNhac */ = {
			isa = PBXGroup;
			children = (
				21E70B2F1E2CE2AC00162001 /* AppDelegate.swift */,
				21E70B311E2CE2AC00162001 /* ViewController.swift */,
				21E70B331E2CE2AC00162001 /* Main.storyboard */,
				21E70B361E2CE2AC00162001 /* Assets.xcassets */,
				21E70B381E2CE2AC00162001 /* LaunchScreen.storyboard */,
				21E70B431E2CFD9F00162001 /* Chợt Như Giấc Mơ.mp3 */,
				21E70B441E2CFD9F00162001 /* Ngày Mai.mp3 */,
				21E70B451E2CFD9F00162001 /* Sugar.mp3 */,
				21E70B461E2CFD9F00162001 /* Trở Về Đi.m4a */,
				21E70B471E2CFD9F00162001 /* Tro Ve Di - Van Anh Idol [MP3 320kbps].mp3 */,
				21E70B3B1E2CE2AC00162001 /* Info.plist */,
			);
			path = appNgheNhac;
			sourceTree = "<group>";
		};
/* End PBXGroup section */

/* Begin PBXNativeTarget section */
		21E70B2B1E2CE2AC00162001 /* appNgheNhac */ = {
			isa = PBXNativeTarget;
			buildConfigurationList = 21E70B3E1E2CE2AC00162001 /* Build configuration list for PBXNativeTarget "appNgheNhac" */;
			buildPhases = (
				21E70B281E2CE2AC00162001 /* Sources */,
				21E70B291E2CE2AC00162001 /* Frameworks */,
				21E70B2A1E2CE2AC00162001 /* Resources */,
			);
			buildRules = (
			);
			dependencies = (
			);
			name = appNgheNhac;
			productName = appNgheNhac;
			productReference = 21E70B2C1E2CE2AC00162001 /* appNgheNhac.app */;
			productType = "com.apple.product-type.application";
		};
/* End PBXNativeTarget section */

/* Begin PBXProject section */
		21E70B241E2CE2AC00162001 /* Project object */ = {
			isa = PBXProject;
			attributes = {
				LastSwiftUpdateCheck = 0820;
				LastUpgradeCheck = 0820;
				ORGANIZATIONNAME = Dr;
				TargetAttributes = {
					21E70B2B1E2CE2AC00162001 = {
						CreatedOnToolsVersion = 8.2.1;
						ProvisioningStyle = Automatic;
					};
				};
			};
			buildConfigurationList = 21E70B271E2CE2AC00162001 /* Build configuration list for PBXProject "appNgheNhac" */;
			compatibilityVersion = "Xcode 3.2";
			developmentRegion = English;
			hasScannedForEncodings = 0;
			knownRegions = (
				en,
				Base,
			);
			mainGroup = 21E70B231E2CE2AC00162001;
			productRefGroup = 21E70B2D1E2CE2AC00162001 /* Products */;
			projectDirPath = "";
			projectRoot = "";
			targets = (
				21E70B2B1E2CE2AC00162001 /* appNgheNhac */,
			);
		};
/* End PBXProject section */

/* Begin PBXResourcesBuildPhase section */
		21E70B2A1E2CE2AC00162001 /* Resources */ = {
			isa = PBXResourcesBuildPhase;
			buildActionMask = 2147483647;
			files = (
				21E70B3A1E2CE2AC00162001 /* LaunchScreen.storyboard in Resources */,
				21E70B371E2CE2AC00162001 /* Assets.xcassets in Resources */,
				21E70B351E2CE2AC00162001 /* Main.storyboard in Resources */,
				21E70B4C1E2CFD9F00162001 /* Tro Ve Di - Van Anh Idol [MP3 320kbps].mp3 in Resources */,
				21E70B481E2CFD9F00162001 /* Chợt Như Giấc Mơ.mp3 in Resources */,
				21E70B491E2CFD9F00162001 /* Ngày Mai.mp3 in Resources */,
				21E70B4B1E2CFD9F00162001 /* Trở Về Đi.m4a in Resources */,
				21E70B4A1E2CFD9F00162001 /* Sugar.mp3 in Resources */,
			);
			runOnlyForDeploymentPostprocessing = 0;
		};
/* End PBXResourcesBuildPhase section */

/* Begin PBXSourcesBuildPhase section */
		21E70B281E2CE2AC00162001 /* Sources */ = {
			isa = PBXSourcesBuildPhase;
			buildActionMask = 2147483647;
			files = (
				21E70B321E2CE2AC00162001 /* ViewController.swift in Sources */,
				21E70B301E2CE2AC00162001 /* AppDelegate.swift in Sources */,
			);
			runOnlyForDeploymentPostprocessing = 0;
		};
/* End PBXSourcesBuildPhase section */

/* Begin PBXVariantGroup section */
		21E70B331E2CE2AC00162001 /* Main.storyboard */ = {
			isa = PBXVariantGroup;
			children = (
				21E70B341E2CE2AC00162001 /* Base */,
			);
			name = Main.storyboard;
			sourceTree = "<group>";
		};
		21E70B381E2CE2AC00162001 /* LaunchScreen.storyboard */ = {
			isa = PBXVariantGroup;
			children = (
				21E70B391E2CE2AC00162001 /* Base */,
			);
			name = LaunchScreen.storyboard;
			sourceTree = "<group>";
		};
/* End PBXVariantGroup section */

/* Begin XCBuildConfiguration section */
		21E70B3C1E2CE2AC00162001 /* Debug */ = {
			isa = XCBuildConfiguration;
			buildSettings = {
				ALWAYS_SEARCH_USER_PATHS = NO;
				CLANG_ANALYZER_NONNULL = YES;
				CLANG_CXX_LANGUAGE_STANDARD = "gnu++0x";
				CLANG_CXX_LIBRARY = "libc++";
				CLANG_ENABLE_MODULES = YES;
				CLANG_ENABLE_OBJC_ARC = YES;
				CLANG_WARN_BOOL_CONVERSION = YES;
				CLANG_WARN_CONSTANT_CONVERSION = YES;
				CLANG_WARN_DIRECT_OBJC_ISA_USAGE = YES_ERROR;
				CLANG_WARN_DOCUMENTATION_COMMENTS = YES;
				CLANG_WARN_EMPTY_BODY = YES;
				CLANG_WARN_ENUM_CONVERSION = YES;
				CLANG_WARN_INFINITE_RECURSION = YES;
				CLANG_WARN_INT_CONVERSION = YES;
				CLANG_WARN_OBJC_ROOT_CLASS = YES_ERROR;
				CLANG_WARN_SUSPICIOUS_MOVE = YES;
				CLANG_WARN_UNREACHABLE_CODE = YES;
				CLANG_WARN__DUPLICATE_METHOD_MATCH = YES;
				"CODE_SIGN_IDENTITY[sdk=iphoneos*]" = "iPhone Developer";
				COPY_PHASE_STRIP = NO;
				DEBUG_INFORMATION_FORMAT = dwarf;
				ENABLE_STRICT_OBJC_MSGSEND = YES;
				ENABLE_TESTABILITY = YES;
				GCC_C_LANGUAGE_STANDARD = gnu99;
				GCC_DYNAMIC_NO_PIC = NO;
				GCC_NO_COMMON_BLOCKS = YES;
				GCC_OPTIMIZATION_LEVEL = 0;
				GCC_PREPROCESSOR_DEFINITIONS = (
					"DEBUG=1",
					"$(inherited)",
				);
				GCC_WARN_64_TO_32_BIT_CONVERSION = YES;
				GCC_WARN_ABOUT_RETURN_TYPE = YES_ERROR;
				GCC_WARN_UNDECLARED_SELECTOR = YES;
				GCC_WARN_UNINITIALIZED_AUTOS = YES_AGGRESSIVE;
				GCC_WARN_UNUSED_FUNCTION = YES;
				GCC_WARN_UNUSED_VARIABLE = YES;
				IPHONEOS_DEPLOYMENT_TARGET = 10.2;
				MTL_ENABLE_DEBUG_INFO = YES;
				ONLY_ACTIVE_ARCH = YES;
				SDKROOT = iphoneos;
				SWIFT_ACTIVE_COMPILATION_CONDITIONS = DEBUG;
				SWIFT_OPTIMIZATION_LEVEL = "-Onone";
				TARGETED_DEVICE_FAMILY = "1,2";
			};
			name = Debug;
		};
		21E70B3D1E2CE2AC00162001 /* Release */ = {
			isa = XCBuildConfiguration;
			buildSettings = {
				ALWAYS_SEARCH_USER_PATHS = NO;
				CLANG_ANALYZER_NONNULL = YES;
				CLANG_CXX_LANGUAGE_STANDARD = "gnu++0x";
				CLANG_CXX_LIBRARY = "libc++";
				CLANG_ENABLE_MODULES = YES;
				CLANG_ENABLE_OBJC_ARC = YES;
				CLANG_WARN_BOOL_CONVERSION = YES;
				CLANG_WARN_CONSTANT_CONVERSION = YES;
				CLANG_WARN_DIRECT_OBJC_ISA_USAGE = YES_ERROR;
				CLANG_WARN_DOCUMENTATION_COMMENTS = YES;
				CLANG_WARN_EMPTY_BODY = YES;
				CLANG_WARN_ENUM_CONVERSION = YES;
				CLANG_WARN_INFINITE_RECURSION = YES;
				CLANG_WARN_INT_CONVERSION = YES;
				CLANG_WARN_OBJC_ROOT_CLASS = YES_ERROR;
				CLANG_WARN_SUSPICIOUS_MOVE = YES;
				CLANG_WARN_UNREACHABLE_CODE = YES;
				CLANG_WARN__DUPLICATE_METHOD_MATCH = YES;
				"CODE_SIGN_IDENTITY[sdk=iphoneos*]" = "iPhone Developer";
				COPY_PHASE_STRIP = NO;
				DEBUG_INFORMATION_FORMAT = "dwarf-with-dsym";
				ENABLE_NS_ASSERTIONS = NO;
				ENABLE_STRICT_OBJC_MSGSEND = YES;
				GCC_C_LANGUAGE_STANDARD = gnu99;
				GCC_NO_COMMON_BLOCKS = YES;
				GCC_WARN_64_TO_32_BIT_CONVERSION = YES;
				GCC_WARN_ABOUT_RETURN_TYPE = YES_ERROR;
				GCC_WARN_UNDECLARED_SELECTOR = YES;
				GCC_WARN_UNINITIALIZED_AUTOS = YES_AGGRESSIVE;
				GCC_WARN_UNUSED_FUNCTION = YES;
				GCC_WARN_UNUSED_VARIABLE = YES;
				IPHONEOS_DEPLOYMENT_TARGET = 10.2;
				MTL_ENABLE_DEBUG_INFO = NO;
				SDKROOT = iphoneos;
				SWIFT_OPTIMIZATION_LEVEL = "-Owholemodule";
				TARGETED_DEVICE_FAMILY = "1,2";
				VALIDATE_PRODUCT = YES;
			};
			name = Release;
		};
		21E70B3F1E2CE2AC00162001 /* Debug */ = {
			isa = XCBuildConfiguration;
			buildSettings = {
				ASSETCATALOG_COMPILER_APPICON_NAME = AppIcon;
				INFOPLIST_FILE = appNgheNhac/Info.plist;
				LD_RUNPATH_SEARCH_PATHS = "$(inherited) @executable_path/Frameworks";
				PRODUCT_BUNDLE_IDENTIFIER = huuhoang.appNgheNhac;
				PRODUCT_NAME = "$(TARGET_NAME)";
				SWIFT_VERSION = 3.0;
			};
			name = Debug;
		};
		21E70B401E2CE2AC00162001 /* Release */ = {
			isa = XCBuildConfiguration;
			buildSettings = {
				ASSETCATALOG_COMPILER_APPICON_NAME = AppIcon;
				INFOPLIST_FILE = appNgheNhac/Info.plist;
				LD_RUNPATH_SEARCH_PATHS = "$(inherited) @executable_path/Frameworks";
				PRODUCT_BUNDLE_IDENTIFIER = huuhoang.appNgheNhac;
				PRODUCT_NAME = "$(TARGET_NAME)";
				SWIFT_VERSION = 3.0;
			};
			name = Release;
		};
/* End XCBuildConfiguration section */

/* Begin XCConfigurationList section */
		21E70B271E2CE2AC00162001 /* Build configuration list for PBXProject "appNgheNhac" */ = {
			isa = XCConfigurationList;
			buildConfigurations = (
				21E70B3C1E2CE2AC00162001 /* Debug */,
				21E70B3D1E2CE2AC00162001 /* Release */,
			);
			defaultConfigurationIsVisible = 0;
			defaultConfigurationName = Release;
		};
		21E70B3E1E2CE2AC00162001 /* Build configuration list for PBXNativeTarget "appNgheNhac" */ = {
			isa = XCConfigurationList;
			buildConfigurations = (
				21E70B3F1E2CE2AC00162001 /* Debug */,
				21E70B401E2CE2AC00162001 /* Release */,
			);
			defaultConfigurationIsVisible = 0;
			defaultConfigurationName = Release;
		};
/* End XCConfigurationList section */
	};
	rootObject = 21E70B241E2CE2AC00162001 /* Project object */;
}
